
Microsoft Visual Studio Solution File, Format Version 12.00
# Visual Studio Version 17
VisualStudioVersion = 17.5.33530.505
MinimumVisualStudioVersion = 10.0.40219.1
Project("{9A19103F-16F7-4668-BE54-9A1E7A4F7556}") = "EventEngine", "EventEngine\EventEngine.csproj", "{6514B1C4-1E7F-43BB-BCCF-ABF863E3E406}"
EndProject
Global
	GlobalSection(SolutionConfigurationPlatforms) = preSolution
		Debug|Any CPU = Debug|Any CPU
		Release|Any CPU = Release|Any CPU
	EndGlobalSection
	GlobalSection(ProjectConfigurationPlatforms) = postSolution
		{6514B1C4-1E7F-43BB-BCCF-ABF863E3E406}.Debug|Any CPU.ActiveCfg = Debug|Any CPU
		{6514B1C4-1E7F-43BB-BCCF-ABF863E3E406}.Debug|Any CPU.Build.0 = Debug|Any CPU
		{6514B1C4-1E7F-43BB-BCCF-ABF863E3E406}.Release|Any CPU.ActiveCfg = Release|Any CPU
		{6514B1C4-1E7F-43BB-BCCF-ABF863E3E406}.Release|Any CPU.Build.0 = Release|Any CPU
	EndGlobalSection
	GlobalSection(SolutionProperties) = preSolution
		HideSolutionNode = FALSE
	EndGlobalSection
	GlobalSection(ExtensibilityGlobals) = postSolution
		SolutionGuid = {A550445E-57BC-4776-96A7-A19237B5FF73}
	EndGlobalSection
EndGlobal
